// !$*UTF8*$!
{
	archiveVersion = 1;
	classes = {
	};
	objectVersion = 56;
	objects = {

/* Begin PBXBuildFile section */
		FB1030A22C783E450049BBF1 /* OpenUrlActionDemoView.swift in Sources */ = {isa = PBXBuildFile; fileRef = FB1030A12C783E450049BBF1 /* OpenUrlActionDemoView.swift */; };
		FB1030A42C7841D30049BBF1 /* PlularizationDemoView.swift in Sources */ = {isa = PBXBuildFile; fileRef = FB1030A32C7841D30049BBF1 /* PlularizationDemoView.swift */; };
		FB80E5B82C787C8400410F0C /* ListMemberStyleMeasurementsDemoView.swift in Sources */ = {isa = PBXBuildFile; fileRef = FB80E5B72C787C8400410F0C /* ListMemberStyleMeasurementsDemoView.swift */; };
		FB80E5BA2C78823800410F0C /* TextDatesDemoView.swift in Sources */ = {isa = PBXBuildFile; fileRef = FB80E5B92C78823800410F0C /* TextDatesDemoView.swift */; };
		FB80E5BC2C78857100410F0C /* AttributedStringDemoView.swift in Sources */ = {isa = PBXBuildFile; fileRef = FB80E5BB2C78857100410F0C /* AttributedStringDemoView.swift */; };
		FBD49C8C2C75B2300019ABAE /* MarkdownDemoView.swift in Sources */ = {isa = PBXBuildFile; fileRef = FBD49C8B2C75B2300019ABAE /* MarkdownDemoView.swift */; };
		FBD49C8E2C75D5210019ABAE /* MarkdownAndStringInterpolationDemoView.swift in Sources */ = {isa = PBXBuildFile; fileRef = FBD49C8D2C75D5210019ABAE /* MarkdownAndStringInterpolationDemoView.swift */; };
		FBD49C902C75E2020019ABAE /* DisplayingCodeWithMarkdown.swift in Sources */ = {isa = PBXBuildFile; fileRef = FBD49C8F2C75E2020019ABAE /* DisplayingCodeWithMarkdown.swift */; };
		FBFE35D42C729D7C00154D95 /* Text_Style_ExampleApp.swift in Sources */ = {isa = PBXBuildFile; fileRef = FBFE35D32C729D7C00154D95 /* Text_Style_ExampleApp.swift */; };
		FBFE35D62C729D7C00154D95 /* AccrosticPoemView.swift in Sources */ = {isa = PBXBuildFile; fileRef = FBFE35D52C729D7C00154D95 /* AccrosticPoemView.swift */; };
		FBFE35D82C729D7D00154D95 /* Assets.xcassets in Resources */ = {isa = PBXBuildFile; fileRef = FBFE35D72C729D7D00154D95 /* Assets.xcassets */; };
		FBFE35DB2C729D7D00154D95 /* Preview Assets.xcassets in Resources */ = {isa = PBXBuildFile; fileRef = FBFE35DA2C729D7D00154D95 /* Preview Assets.xcassets */; };
/* End PBXBuildFile section */

/* Begin PBXFileReference section */
		FB1030A12C783E450049BBF1 /* OpenUrlActionDemoView.swift */ = {isa = PBXFileReference; lastKnownFileType = sourcecode.swift; path = OpenUrlActionDemoView.swift; sourceTree = "<group>"; };
		FB1030A32C7841D30049BBF1 /* PlularizationDemoView.swift */ = {isa = PBXFileReference; lastKnownFileType = sourcecode.swift; path = PlularizationDemoView.swift; sourceTree = "<group>"; };
		FB80E5B72C787C8400410F0C /* ListMemberStyleMeasurementsDemoView.swift */ = {isa = PBXFileReference; lastKnownFileType = sourcecode.swift; path = ListMemberStyleMeasurementsDemoView.swift; sourceTree = "<group>"; };
		FB80E5B92C78823800410F0C /* TextDatesDemoView.swift */ = {isa = PBXFileReference; lastKnownFileType = sourcecode.swift; path = TextDatesDemoView.swift; sourceTree = "<group>"; };
		FB80E5BB2C78857100410F0C /* AttributedStringDemoView.swift */ = {isa = PBXFileReference; lastKnownFileType = sourcecode.swift; path = AttributedStringDemoView.swift; sourceTree = "<group>"; };
		FBD49C8B2C75B2300019ABAE /* MarkdownDemoView.swift */ = {isa = PBXFileReference; lastKnownFileType = sourcecode.swift; path = MarkdownDemoView.swift; sourceTree = "<group>"; };
		FBD49C8D2C75D5210019ABAE /* MarkdownAndStringInterpolationDemoView.swift */ = {isa = PBXFileReference; lastKnownFileType = sourcecode.swift; path = MarkdownAndStringInterpolationDemoView.swift; sourceTree = "<group>"; };
		FBD49C8F2C75E2020019ABAE /* DisplayingCodeWithMarkdown.swift */ = {isa = PBXFileReference; lastKnownFileType = sourcecode.swift; path = DisplayingCodeWithMarkdown.swift; sourceTree = "<group>"; };
		FBFE35D02C729D7C00154D95 /* Text Style Example.app */ = {isa = PBXFileReference; explicitFileType = wrapper.application; includeInIndex = 0; path = "Text Style Example.app"; sourceTree = BUILT_PRODUCTS_DIR; };
		FBFE35D32C729D7C00154D95 /* Text_Style_ExampleApp.swift */ = {isa = PBXFileReference; lastKnownFileType = sourcecode.swift; path = Text_Style_ExampleApp.swift; sourceTree = "<group>"; };
		FBFE35D52C729D7C00154D95 /* AccrosticPoemView.swift */ = {isa = PBXFileReference; lastKnownFileType = sourcecode.swift; path = AccrosticPoemView.swift; sourceTree = "<group>"; };
		FBFE35D72C729D7D00154D95 /* Assets.xcassets */ = {isa = PBXFileReference; lastKnownFileType = folder.assetcatalog; path = Assets.xcassets; sourceTree = "<group>"; };
		FBFE35DA2C729D7D00154D95 /* Preview Assets.xcassets */ = {isa = PBXFileReference; lastKnownFileType = folder.assetcatalog; path = "Preview Assets.xcassets"; sourceTree = "<group>"; };
/* End PBXFileReference section */

/* Begin PBXFrameworksBuildPhase section */
		FBFE35CD2C729D7C00154D95 /* Frameworks */ = {
			isa = PBXFrameworksBuildPhase;
			buildActionMask = 2147483647;
			files = (
			);
			runOnlyForDeploymentPostprocessing = 0;
		};
/* End PBXFrameworksBuildPhase section */

/* Begin PBXGroup section */
		FBFE35C72C729D7C00154D95 = {
			isa = PBXGroup;
			children = (
				FBFE35D22C729D7C00154D95 /* Text Style Example */,
				FBFE35D12C729D7C00154D95 /* Products */,
			);
			sourceTree = "<group>";
		};
		FBFE35D12C729D7C00154D95 /* Products */ = {
			isa = PBXGroup;
			children = (
				FBFE35D02C729D7C00154D95 /* Text Style Example.app */,
			);
			name = Products;
			sourceTree = "<group>";
		};
		FBFE35D22C729D7C00154D95 /* Text Style Example */ = {
			isa = PBXGroup;
			children = (
				FBFE35D32C729D7C00154D95 /* Text_Style_ExampleApp.swift */,
				FBFE35D52C729D7C00154D95 /* AccrosticPoemView.swift */,
				FBD49C8B2C75B2300019ABAE /* MarkdownDemoView.swift */,
				FBD49C8D2C75D5210019ABAE /* MarkdownAndStringInterpolationDemoView.swift */,
				FBD49C8F2C75E2020019ABAE /* DisplayingCodeWithMarkdown.swift */,
				FB1030A12C783E450049BBF1 /* OpenUrlActionDemoView.swift */,
				FB1030A32C7841D30049BBF1 /* PlularizationDemoView.swift */,
				FB80E5B72C787C8400410F0C /* ListMemberStyleMeasurementsDemoView.swift */,
				FB80E5B92C78823800410F0C /* TextDatesDemoView.swift */,
				FB80E5BB2C78857100410F0C /* AttributedStringDemoView.swift */,
				FBFE35D72C729D7D00154D95 /* Assets.xcassets */,
				FBFE35D92C729D7D00154D95 /* Preview Content */,
			);
			path = "Text Style Example";
			sourceTree = "<group>";
		};
		FBFE35D92C729D7D00154D95 /* Preview Content */ = {
			isa = PBXGroup;
			children = (
				FBFE35DA2C729D7D00154D95 /* Preview Assets.xcassets */,
			);
			path = "Preview Content";
			sourceTree = "<group>";
		};
/* End PBXGroup section */

/* Begin PBXNativeTarget section */
		FBFE35CF2C729D7C00154D95 /* Text Style Example */ = {
			isa = PBXNativeTarget;
			buildConfigurationList = FBFE35DE2C729D7D00154D95 /* Build configuration list for PBXNativeTarget "Text Style Example" */;
			buildPhases = (
				FBFE35CC2C729D7C00154D95 /* Sources */,
				FBFE35CD2C729D7C00154D95 /* Frameworks */,
				FBFE35CE2C729D7C00154D95 /* Resources */,
			);
			buildRules = (
			);
			dependencies = (
			);
			name = "Text Style Example";
			productName = "Text Style Example";
			productReference = FBFE35D02C729D7C00154D95 /* Text Style Example.app */;
			productType = "com.apple.product-type.application";
		};
/* End PBXNativeTarget section */

/* Begin PBXProject section */
		FBFE35C82C729D7C00154D95 /* Project object */ = {
			isa = PBXProject;
			attributes = {
				BuildIndependentTargetsInParallel = 1;
				LastSwiftUpdateCheck = 1540;
				LastUpgradeCheck = 1540;
				TargetAttributes = {
					FBFE35CF2C729D7C00154D95 = {
						CreatedOnToolsVersion = 15.4;
					};
				};
			};
			buildConfigurationList = FBFE35CB2C729D7C00154D95 /* Build configuration list for PBXProject "Text Style Example" */;
			compatibilityVersion = "Xcode 14.0";
			developmentRegion = en;
			hasScannedForEncodings = 0;
			knownRegions = (
				en,
				Base,
			);
			mainGroup = FBFE35C72C729D7C00154D95;
			productRefGroup = FBFE35D12C729D7C00154D95 /* Products */;
			projectDirPath = "";
			projectRoot = "";
			targets = (
				FBFE35CF2C729D7C00154D95 /* Text Style Example */,
			);
		};
/* End PBXProject section */

/* Begin PBXResourcesBuildPhase section */
		FBFE35CE2C729D7C00154D95 /* Resources */ = {
			isa = PBXResourcesBuildPhase;
			buildActionMask = 2147483647;
			files = (
				FBFE35DB2C729D7D00154D95 /* Preview Assets.xcassets in Resources */,
				FBFE35D82C729D7D00154D95 /* Assets.xcassets in Resources */,
			);
			runOnlyForDeploymentPostprocessing = 0;
		};
/* End PBXResourcesBuildPhase section */

/* Begin PBXSourcesBuildPhase section */
		FBFE35CC2C729D7C00154D95 /* Sources */ = {
			isa = PBXSourcesBuildPhase;
			buildActionMask = 2147483647;
			files = (
				FBD49C8E2C75D5210019ABAE /* MarkdownAndStringInterpolationDemoView.swift in Sources */,
				FBFE35D62C729D7C00154D95 /* AccrosticPoemView.swift in Sources */,
				FB80E5B82C787C8400410F0C /* ListMemberStyleMeasurementsDemoView.swift in Sources */,
				FB80E5BA2C78823800410F0C /* TextDatesDemoView.swift in Sources */,
				FBFE35D42C729D7C00154D95 /* Text_Style_ExampleApp.swift in Sources */,
				FB1030A42C7841D30049BBF1 /* PlularizationDemoView.swift in Sources */,
				FB1030A22C783E450049BBF1 /* OpenUrlActionDemoView.swift in Sources */,
				FBD49C8C2C75B2300019ABAE /* MarkdownDemoView.swift in Sources */,
				FB80E5BC2C78857100410F0C /* AttributedStringDemoView.swift in Sources */,
				FBD49C902C75E2020019ABAE /* DisplayingCodeWithMarkdown.swift in Sources */,
			);
			runOnlyForDeploymentPostprocessing = 0;
		};
/* End PBXSourcesBuildPhase section */

/* Begin XCBuildConfiguration section */
		FBFE35DC2C729D7D00154D95 /* Debug */ = {
			isa = XCBuildConfiguration;
			buildSettings = {
				ALWAYS_SEARCH_USER_PATHS = NO;
				ASSETCATALOG_COMPILER_GENERATE_SWIFT_ASSET_SYMBOL_EXTENSIONS = YES;
				CLANG_ANALYZER_NONNULL = YES;
				CLANG_ANALYZER_NUMBER_OBJECT_CONVERSION = YES_AGGRESSIVE;
				CLANG_CXX_LANGUAGE_STANDARD = "gnu++20";
				CLANG_ENABLE_MODULES = YES;
				CLANG_ENABLE_OBJC_ARC = YES;
				CLANG_ENABLE_OBJC_WEAK = YES;
				CLANG_WARN_BLOCK_CAPTURE_AUTORELEASING = YES;
				CLANG_WARN_BOOL_CONVERSION = YES;
				CLANG_WARN_COMMA = YES;
				CLANG_WARN_CONSTANT_CONVERSION = YES;
				CLANG_WARN_DEPRECATED_OBJC_IMPLEMENTATIONS = YES;
				CLANG_WARN_DIRECT_OBJC_ISA_USAGE = YES_ERROR;
				CLANG_WARN_DOCUMENTATION_COMMENTS = YES;
				CLANG_WARN_EMPTY_BODY = YES;
				CLANG_WARN_ENUM_CONVERSION = YES;
				CLANG_WARN_INFINITE_RECURSION = YES;
				CLANG_WARN_INT_CONVERSION = YES;
				CLANG_WARN_NON_LITERAL_NULL_CONVERSION = YES;
				CLANG_WARN_OBJC_IMPLICIT_RETAIN_SELF = YES;
				CLANG_WARN_OBJC_LITERAL_CONVERSION = YES;
				CLANG_WARN_OBJC_ROOT_CLASS = YES_ERROR;
				CLANG_WARN_QUOTED_INCLUDE_IN_FRAMEWORK_HEADER = YES;
				CLANG_WARN_RANGE_LOOP_ANALYSIS = YES;
				CLANG_WARN_STRICT_PROTOTYPES = YES;
				CLANG_WARN_SUSPICIOUS_MOVE = YES;
				CLANG_WARN_UNGUARDED_AVAILABILITY = YES_AGGRESSIVE;
				CLANG_WARN_UNREACHABLE_CODE = YES;
				CLANG_WARN__DUPLICATE_METHOD_MATCH = YES;
				COPY_PHASE_STRIP = NO;
				DEBUG_INFORMATION_FORMAT = dwarf;
				ENABLE_STRICT_OBJC_MSGSEND = YES;
				ENABLE_TESTABILITY = YES;
				ENABLE_USER_SCRIPT_SANDBOXING = YES;
				GCC_C_LANGUAGE_STANDARD = gnu17;
				GCC_DYNAMIC_NO_PIC = NO;
				GCC_NO_COMMON_BLOCKS = YES;
				GCC_OPTIMIZATION_LEVEL = 0;
				GCC_PREPROCESSOR_DEFINITIONS = (
					"DEBUG=1",
					"$(inherited)",
				);
				GCC_WARN_64_TO_32_BIT_CONVERSION = YES;
				GCC_WARN_ABOUT_RETURN_TYPE = YES_ERROR;
				GCC_WARN_UNDECLARED_SELECTOR = YES;
				GCC_WARN_UNINITIALIZED_AUTOS = YES_AGGRESSIVE;
				GCC_WARN_UNUSED_FUNCTION = YES;
				GCC_WARN_UNUSED_VARIABLE = YES;
				IPHONEOS_DEPLOYMENT_TARGET = 17.5;
				LOCALIZATION_PREFERS_STRING_CATALOGS = YES;
				MTL_ENABLE_DEBUG_INFO = INCLUDE_SOURCE;
				MTL_FAST_MATH = YES;
				ONLY_ACTIVE_ARCH = YES;
				SDKROOT = iphoneos;
				SWIFT_ACTIVE_COMPILATION_CONDITIONS = "DEBUG $(inherited)";
				SWIFT_OPTIMIZATION_LEVEL = "-Onone";
			};
			name = Debug;
		};
		FBFE35DD2C729D7D00154D95 /* Release */ = {
			isa = XCBuildConfiguration;
			buildSettings = {
				ALWAYS_SEARCH_USER_PATHS = NO;
				ASSETCATALOG_COMPILER_GENERATE_SWIFT_ASSET_SYMBOL_EXTENSIONS = YES;
				CLANG_ANALYZER_NONNULL = YES;
				CLANG_ANALYZER_NUMBER_OBJECT_CONVERSION = YES_AGGRESSIVE;
				CLANG_CXX_LANGUAGE_STANDARD = "gnu++20";
				CLANG_ENABLE_MODULES = YES;
				CLANG_ENABLE_OBJC_ARC = YES;
				CLANG_ENABLE_OBJC_WEAK = YES;
				CLANG_WARN_BLOCK_CAPTURE_AUTORELEASING = YES;
				CLANG_WARN_BOOL_CONVERSION = YES;
				CLANG_WARN_COMMA = YES;
				CLANG_WARN_CONSTANT_CONVERSION = YES;
				CLANG_WARN_DEPRECATED_OBJC_IMPLEMENTATIONS = YES;
				CLANG_WARN_DIRECT_OBJC_ISA_USAGE = YES_ERROR;
				CLANG_WARN_DOCUMENTATION_COMMENTS = YES;
				CLANG_WARN_EMPTY_BODY = YES;
				CLANG_WARN_ENUM_CONVERSION = YES;
				CLANG_WARN_INFINITE_RECURSION = YES;
				CLANG_WARN_INT_CONVERSION = YES;
				CLANG_WARN_NON_LITERAL_NULL_CONVERSION = YES;
				CLANG_WARN_OBJC_IMPLICIT_RETAIN_SELF = YES;
				CLANG_WARN_OBJC_LITERAL_CONVERSION = YES;
				CLANG_WARN_OBJC_ROOT_CLASS = YES_ERROR;
				CLANG_WARN_QUOTED_INCLUDE_IN_FRAMEWORK_HEADER = YES;
				CLANG_WARN_RANGE_LOOP_ANALYSIS = YES;
				CLANG_WARN_STRICT_PROTOTYPES = YES;
				CLANG_WARN_SUSPICIOUS_MOVE = YES;
				CLANG_WARN_UNGUARDED_AVAILABILITY = YES_AGGRESSIVE;
				CLANG_WARN_UNREACHABLE_CODE = YES;
				CLANG_WARN__DUPLICATE_METHOD_MATCH = YES;
				COPY_PHASE_STRIP = NO;
				DEBUG_INFORMATION_FORMAT = "dwarf-with-dsym";
				ENABLE_NS_ASSERTIONS = NO;
				ENABLE_STRICT_OBJC_MSGSEND = YES;
				ENABLE_USER_SCRIPT_SANDBOXING = YES;
				GCC_C_LANGUAGE_STANDARD = gnu17;
				GCC_NO_COMMON_BLOCKS = YES;
				GCC_WARN_64_TO_32_BIT_CONVERSION = YES;
				GCC_WARN_ABOUT_RETURN_TYPE = YES_ERROR;
				GCC_WARN_UNDECLARED_SELECTOR = YES;
				GCC_WARN_UNINITIALIZED_AUTOS = YES_AGGRESSIVE;
				GCC_WARN_UNUSED_FUNCTION = YES;
				GCC_WARN_UNUSED_VARIABLE = YES;
				IPHONEOS_DEPLOYMENT_TARGET = 17.5;
				LOCALIZATION_PREFERS_STRING_CATALOGS = YES;
				MTL_ENABLE_DEBUG_INFO = NO;
				MTL_FAST_MATH = YES;
				SDKROOT = iphoneos;
				SWIFT_COMPILATION_MODE = wholemodule;
				VALIDATE_PRODUCT = YES;
			};
			name = Release;
		};
		FBFE35DF2C729D7D00154D95 /* Debug */ = {
			isa = XCBuildConfiguration;
			buildSettings = {
				ASSETCATALOG_COMPILER_APPICON_NAME = AppIcon;
				ASSETCATALOG_COMPILER_GLOBAL_ACCENT_COLOR_NAME = AccentColor;
				CODE_SIGN_STYLE = Automatic;
				CURRENT_PROJECT_VERSION = 1;
				DEVELOPMENT_ASSET_PATHS = "\"Text Style Example/Preview Content\"";
				DEVELOPMENT_TEAM = RF2V894835;
				ENABLE_PREVIEWS = YES;
				GENERATE_INFOPLIST_FILE = YES;
				INFOPLIST_KEY_UIApplicationSceneManifest_Generation = YES;
				INFOPLIST_KEY_UIApplicationSupportsIndirectInputEvents = YES;
				INFOPLIST_KEY_UILaunchScreen_Generation = YES;
				INFOPLIST_KEY_UISupportedInterfaceOrientations_iPad = "UIInterfaceOrientationPortrait UIInterfaceOrientationPortraitUpsideDown UIInterfaceOrientationLandscapeLeft UIInterfaceOrientationLandscapeRight";
				INFOPLIST_KEY_UISupportedInterfaceOrientations_iPhone = "UIInterfaceOrientationPortrait UIInterfaceOrientationLandscapeLeft UIInterfaceOrientationLandscapeRight";
				LD_RUNPATH_SEARCH_PATHS = (
					"$(inherited)",
					"@executable_path/Frameworks",
				);
				MARKETING_VERSION = 1.0;
				PRODUCT_BUNDLE_IDENTIFIER = "com.kakapo.Text-Style-Example";
				PRODUCT_NAME = "$(TARGET_NAME)";
				SWIFT_EMIT_LOC_STRINGS = YES;
				SWIFT_VERSION = 5.0;
				TARGETED_DEVICE_FAMILY = "1,2";
			};
			name = Debug;
		};
		FBFE35E02C729D7D00154D95 /* Release */ = {
			isa = XCBuildConfiguration;
			buildSettings = {
				ASSETCATALOG_COMPILER_APPICON_NAME = AppIcon;
				ASSETCATALOG_COMPILER_GLOBAL_ACCENT_COLOR_NAME = AccentColor;
				CODE_SIGN_STYLE = Automatic;
				CURRENT_PROJECT_VERSION = 1;
				DEVELOPMENT_ASSET_PATHS = "\"Text Style Example/Preview Content\"";
				DEVELOPMENT_TEAM = RF2V894835;
				ENABLE_PREVIEWS = YES;
				GENERATE_INFOPLIST_FILE = YES;
				INFOPLIST_KEY_UIApplicationSceneManifest_Generation = YES;
				INFOPLIST_KEY_UIApplicationSupportsIndirectInputEvents = YES;
				INFOPLIST_KEY_UILaunchScreen_Generation = YES;
				INFOPLIST_KEY_UISupportedInterfaceOrientations_iPad = "UIInterfaceOrientationPortrait UIInterfaceOrientationPortraitUpsideDown UIInterfaceOrientationLandscapeLeft UIInterfaceOrientationLandscapeRight";
				INFOPLIST_KEY_UISupportedInterfaceOrientations_iPhone = "UIInterfaceOrientationPortrait UIInterfaceOrientationLandscapeLeft UIInterfaceOrientationLandscapeRight";
				LD_RUNPATH_SEARCH_PATHS = (
					"$(inherited)",
					"@executable_path/Frameworks",
				);
				MARKETING_VERSION = 1.0;
				PRODUCT_BUNDLE_IDENTIFIER = "com.kakapo.Text-Style-Example";
				PRODUCT_NAME = "$(TARGET_NAME)";
				SWIFT_EMIT_LOC_STRINGS = YES;
				SWIFT_VERSION = 5.0;
				TARGETED_DEVICE_FAMILY = "1,2";
			};
			name = Release;
		};
/* End XCBuildConfiguration section */

/* Begin XCConfigurationList section */
		FBFE35CB2C729D7C00154D95 /* Build configuration list for PBXProject "Text Style Example" */ = {
			isa = XCConfigurationList;
			buildConfigurations = (
				FBFE35DC2C729D7D00154D95 /* Debug */,
				FBFE35DD2C729D7D00154D95 /* Release */,
			);
			defaultConfigurationIsVisible = 0;
			defaultConfigurationName = Release;
		};
		FBFE35DE2C729D7D00154D95 /* Build configuration list for PBXNativeTarget "Text Style Example" */ = {
			isa = XCConfigurationList;
			buildConfigurations = (
				FBFE35DF2C729D7D00154D95 /* Debug */,
				FBFE35E02C729D7D00154D95 /* Release */,
			);
			defaultConfigurationIsVisible = 0;
			defaultConfigurationName = Release;
		};
/* End XCConfigurationList section */
	};
	rootObject = FBFE35C82C729D7C00154D95 /* Project object */;
}
